
Microsoft Visual Studio Solution File, Format Version 12.00
# Visual Studio Version 17
VisualStudioVersion = 17.1.32407.343
MinimumVisualStudioVersion = 10.0.40219.1
Project("{FAE04EC0-301F-11D3-BF4B-00C04F79EFBC}") = "WindowsFormsApp2", "WindowsFormsApp2\WindowsFormsApp2.csproj", "{40FE350F-FC02-43F0-95DA-410FEF00EF9A}"
EndProject
Project("{911E67C6-3D85-4FCE-B560-20A9C3E3FF48}") = "WindowsFormsApp1", "..\..\..\..\..\電表1分鐘固定板\WindowsFormsApp1\WindowsFormsApp1\obj\Release\WindowsFormsApp1.exe", "{E77E1B4F-8BCD-4444-BB7E-368EF2B116A0}"
	ProjectSection(DebuggerProjectSystem) = preProject
		PortSupplier = 00000000-0000-0000-0000-000000000000
		Executable = C:\電表1分鐘固定板\WindowsFormsApp1\WindowsFormsApp1\obj\Release\WindowsFormsApp1.exe
		RemoteMachine = NB30
		StartingDirectory = C:\電表1分鐘固定板\WindowsFormsApp1\WindowsFormsApp1\obj\Release
		Environment = 預設
		LaunchingEngine = 00000000-0000-0000-0000-000000000000
		UseLegacyDebugEngines = No
		LaunchSQLEngine = No
		AttachLaunchAction = No
		IORedirection = Auto
	EndProjectSection
EndProject
Global
	GlobalSection(SolutionConfigurationPlatforms) = preSolution
		Debug|Any CPU = Debug|Any CPU
		Debug|x86 = Debug|x86
		Release|Any CPU = Release|Any CPU
		Release|x86 = Release|x86
	EndGlobalSection
	GlobalSection(ProjectConfigurationPlatforms) = postSolution
		{40FE350F-FC02-43F0-95DA-410FEF00EF9A}.Debug|Any CPU.ActiveCfg = Debug|Any CPU
		{40FE350F-FC02-43F0-95DA-410FEF00EF9A}.Debug|Any CPU.Build.0 = Debug|Any CPU
		{40FE350F-FC02-43F0-95DA-410FEF00EF9A}.Debug|x86.ActiveCfg = Debug|Any CPU
		{40FE350F-FC02-43F0-95DA-410FEF00EF9A}.Debug|x86.Build.0 = Debug|Any CPU
		{40FE350F-FC02-43F0-95DA-410FEF00EF9A}.Release|Any CPU.ActiveCfg = Release|Any CPU
		{40FE350F-FC02-43F0-95DA-410FEF00EF9A}.Release|Any CPU.Build.0 = Release|Any CPU
		{40FE350F-FC02-43F0-95DA-410FEF00EF9A}.Release|x86.ActiveCfg = Release|Any CPU
		{40FE350F-FC02-43F0-95DA-410FEF00EF9A}.Release|x86.Build.0 = Release|Any CPU
		{E77E1B4F-8BCD-4444-BB7E-368EF2B116A0}.Debug|Any CPU.ActiveCfg = Release|x86
		{E77E1B4F-8BCD-4444-BB7E-368EF2B116A0}.Debug|x86.ActiveCfg = Release|x86
		{E77E1B4F-8BCD-4444-BB7E-368EF2B116A0}.Release|Any CPU.ActiveCfg = Release|x86
		{E77E1B4F-8BCD-4444-BB7E-368EF2B116A0}.Release|x86.ActiveCfg = Release|x86
	EndGlobalSection
	GlobalSection(SolutionProperties) = preSolution
		HideSolutionNode = FALSE
	EndGlobalSection
	GlobalSection(ExtensibilityGlobals) = postSolution
		SolutionGuid = {5BA91DCE-186A-429E-85DB-D6F22524AE98}
	EndGlobalSection
EndGlobal
